
Microsoft Visual Studio Solution File, Format Version 12.00
# Visual Studio Version 16
VisualStudioVersion = 16.0.28917.182
MinimumVisualStudioVersion = 10.0.40219.1
Project("{FAE04EC0-301F-11D3-BF4B-00C04F79EFBC}") = "rr_game", "rr_game.csproj", "{7AEA0607-92CF-4270-9280-4EB99EFF1CAC}"
EndProject
Project("{FAE04EC0-301F-11D3-BF4B-00C04F79EFBC}") = "UnitTesting", "UnitTesting\UnitTesting.csproj", "{912358BB-9C69-4AF2-9FD0-F8F7D4E0A9A5}"
EndProject
Global
	GlobalSection(SolutionConfigurationPlatforms) = preSolution
		Debug|Any CPU = Debug|Any CPU
		Debug|x64 = Debug|x64
		Release|Any CPU = Release|Any CPU
		Release|x64 = Release|x64
	EndGlobalSection
	GlobalSection(ProjectConfigurationPlatforms) = postSolution
		{7AEA0607-92CF-4270-9280-4EB99EFF1CAC}.Debug|Any CPU.ActiveCfg = Debug|Any CPU
		{7AEA0607-92CF-4270-9280-4EB99EFF1CAC}.Debug|Any CPU.Build.0 = Debug|Any CPU
		{7AEA0607-92CF-4270-9280-4EB99EFF1CAC}.Debug|x64.ActiveCfg = Debug|x64
		{7AEA0607-92CF-4270-9280-4EB99EFF1CAC}.Debug|x64.Build.0 = Debug|x64
		{7AEA0607-92CF-4270-9280-4EB99EFF1CAC}.Release|Any CPU.ActiveCfg = Release|Any CPU
		{7AEA0607-92CF-4270-9280-4EB99EFF1CAC}.Release|Any CPU.Build.0 = Release|Any CPU
		{7AEA0607-92CF-4270-9280-4EB99EFF1CAC}.Release|x64.ActiveCfg = Release|x64
		{7AEA0607-92CF-4270-9280-4EB99EFF1CAC}.Release|x64.Build.0 = Release|x64
		{912358BB-9C69-4AF2-9FD0-F8F7D4E0A9A5}.Debug|Any CPU.ActiveCfg = Debug|Any CPU
		{912358BB-9C69-4AF2-9FD0-F8F7D4E0A9A5}.Debug|Any CPU.Build.0 = Debug|Any CPU
		{912358BB-9C69-4AF2-9FD0-F8F7D4E0A9A5}.Debug|x64.ActiveCfg = Debug|Any CPU
		{912358BB-9C69-4AF2-9FD0-F8F7D4E0A9A5}.Debug|x64.Build.0 = Debug|Any CPU
		{912358BB-9C69-4AF2-9FD0-F8F7D4E0A9A5}.Release|Any CPU.ActiveCfg = Release|Any CPU
		{912358BB-9C69-4AF2-9FD0-F8F7D4E0A9A5}.Release|Any CPU.Build.0 = Release|Any CPU
		{912358BB-9C69-4AF2-9FD0-F8F7D4E0A9A5}.Release|x64.ActiveCfg = Release|Any CPU
		{912358BB-9C69-4AF2-9FD0-F8F7D4E0A9A5}.Release|x64.Build.0 = Release|Any CPU
	EndGlobalSection
	GlobalSection(SolutionProperties) = preSolution
		HideSolutionNode = FALSE
	EndGlobalSection
	GlobalSection(ExtensibilityGlobals) = postSolution
		SolutionGuid = {39FCDCDF-2D06-45A7-8A8F-F0FBAA6E2972}
	EndGlobalSection
EndGlobal
